
Microsoft Visual Studio Solution File, Format Version 12.00
# Visual Studio Version 17
VisualStudioVersion = 17.0.31903.59
MinimumVisualStudioVersion = 10.0.40219.1
Project("{2150E333-8FDC-42A3-9474-1A3956D46DE8}") = "src", "src", "{827E0CD3-B72D-47B6-A68D-7590B98EB39B}"
EndProject
Project("{FAE04EC0-301F-11D3-BF4B-00C04F79EFBC}") = "MercadoBitcoin.Client", "src\MercadoBitcoin.Client\MercadoBitcoin.Client.csproj", "{B63D8573-7471-4862-97BE-EE223B6AF622}"
EndProject
Project("{2150E333-8FDC-42A3-9474-1A3956D46DE8}") = "tests", "tests", "{0AB3BF05-4346-4AA6-1389-037BE0695223}"
EndProject
Project("{2150E333-8FDC-42A3-9474-1A3956D46DE8}") = "test", "test", "{0C88DD14-F956-CE84-757C-A364CCF449FC}"
EndProject

Global
	GlobalSection(SolutionConfigurationPlatforms) = preSolution
		Debug|Any CPU = Debug|Any CPU
		Debug|x64 = Debug|x64
		Debug|x86 = Debug|x86
		Release|Any CPU = Release|Any CPU
		Release|x64 = Release|x64
		Release|x86 = Release|x86
	EndGlobalSection
	GlobalSection(ProjectConfigurationPlatforms) = postSolution
		{B63D8573-7471-4862-97BE-EE223B6AF622}.Debug|Any CPU.ActiveCfg = Debug|Any CPU
		{B63D8573-7471-4862-97BE-EE223B6AF622}.Debug|Any CPU.Build.0 = Debug|Any CPU
		{B63D8573-7471-4862-97BE-EE223B6AF622}.Debug|x64.ActiveCfg = Debug|Any CPU
		{B63D8573-7471-4862-97BE-EE223B6AF622}.Debug|x64.Build.0 = Debug|Any CPU
		{B63D8573-7471-4862-97BE-EE223B6AF622}.Debug|x86.ActiveCfg = Debug|Any CPU
		{B63D8573-7471-4862-97BE-EE223B6AF622}.Debug|x86.Build.0 = Debug|Any CPU
		{B63D8573-7471-4862-97BE-EE223B6AF622}.Release|Any CPU.ActiveCfg = Release|Any CPU
		{B63D8573-7471-4862-97BE-EE223B6AF622}.Release|Any CPU.Build.0 = Release|Any CPU
		{B63D8573-7471-4862-97BE-EE223B6AF622}.Release|x64.ActiveCfg = Release|Any CPU
		{B63D8573-7471-4862-97BE-EE223B6AF622}.Release|x64.Build.0 = Release|Any CPU
		{B63D8573-7471-4862-97BE-EE223B6AF622}.Release|x86.ActiveCfg = Release|Any CPU
		{B63D8573-7471-4862-97BE-EE223B6AF622}.Release|x86.Build.0 = Release|Any CPU
	EndGlobalSection
	GlobalSection(SolutionProperties) = preSolution
		HideSolutionNode = FALSE
	EndGlobalSection
		{B63D8573-7471-4862-97BE-EE223B6AF622} = {827E0CD3-B72D-47B6-A68D-7590B98EB39B}
		{3FA28A69-5BD9-4F1B-B2A9-F67F80D3E672} = {0C88DD14-F956-CE84-757C-A364CCF449FC}
		{81C0F3B8-97C1-45E3-8F87-3990DE82E251} = {0C88DD14-F956-CE84-757C-A364CCF449FC}
		{7E1D6B9F-6F2A-4E0F-9E67-0A1C7950A1B0} = {827E0CD3-B72D-47B6-A68D-7590B98EB39B}
	EndGlobalSection
EndGlobal
